
Microsoft Visual Studio Solution File, Format Version 12.00
Project("{FAE04EC0-301F-11D3-BF4B-00C04F79EFBC}") = "FuturesTestTask.MarketDataService.Presentation", "FuturesTestTask.MarketDataService.Presentation\FuturesTestTask.MarketDataService.Presentation.csproj", "{D2BC1C84-1BF1-48DC-8787-F699C78243CA}"
EndProject
Project("{2150E333-8FDC-42A3-9474-1A3956D46DE8}") = "FuturesTestTask.MarketDataService", "FuturesTestTask.MarketDataService", "{600F51F6-13E8-48A4-89C9-73CB24443055}"
EndProject
Project("{FAE04EC0-301F-11D3-BF4B-00C04F79EFBC}") = "FuturesTestTask.MarketDataService.Domain", "FuturesTestTask.MarketDataService.Domain\FuturesTestTask.MarketDataService.Domain.csproj", "{16765055-D935-47D4-9077-F2155E7803AD}"
EndProject
Project("{FAE04EC0-301F-11D3-BF4B-00C04F79EFBC}") = "FuturesTestTask.MarketDataService.Application", "FuturesTestTask.MarketDataService.Application\FuturesTestTask.MarketDataService.Application.csproj", "{00744B21-AE2E-4D74-B7C2-90F270A73F47}"
EndProject
Project("{FAE04EC0-301F-11D3-BF4B-00C04F79EFBC}") = "FuturesTestTask.MarketDataService.Infrastructure", "FuturesTestTask.MarketDataService.Infrastructure\FuturesTestTask.MarketDataService.Infrastructure.csproj", "{C0E0A46D-EE35-4DDF-BEDB-483C8FB6D2CB}"
EndProject
Project("{2150E333-8FDC-42A3-9474-1A3956D46DE8}") = "Services", "Services", "{55209979-2D34-4C83-97C5-DCA40C2A8EFD}"
EndProject
Project("{2150E333-8FDC-42A3-9474-1A3956D46DE8}") = "Solution Items", "Solution Items", "{807788C5-501B-49A8-A3EC-CA7C3FCB7F9A}"
	ProjectSection(SolutionItems) = preProject
		docker-compose.yaml = docker-compose.yaml
	EndProjectSection
EndProject
Project("{FAE04EC0-301F-11D3-BF4B-00C04F79EFBC}") = "FuturesTestTask.MarketDataService.Tests", "FuturesTestTask.MarketDataService.Tests\FuturesTestTask.MarketDataService.Tests.csproj", "{5175F6A2-4BD2-48F3-84C5-D915B5971F37}"
EndProject
Global
	GlobalSection(SolutionConfigurationPlatforms) = preSolution
		Debug|Any CPU = Debug|Any CPU
		Release|Any CPU = Release|Any CPU
	EndGlobalSection
	GlobalSection(ProjectConfigurationPlatforms) = postSolution
		{D2BC1C84-1BF1-48DC-8787-F699C78243CA}.Debug|Any CPU.ActiveCfg = Debug|Any CPU
		{D2BC1C84-1BF1-48DC-8787-F699C78243CA}.Debug|Any CPU.Build.0 = Debug|Any CPU
		{D2BC1C84-1BF1-48DC-8787-F699C78243CA}.Release|Any CPU.ActiveCfg = Release|Any CPU
		{D2BC1C84-1BF1-48DC-8787-F699C78243CA}.Release|Any CPU.Build.0 = Release|Any CPU
		{16765055-D935-47D4-9077-F2155E7803AD}.Debug|Any CPU.ActiveCfg = Debug|Any CPU
		{16765055-D935-47D4-9077-F2155E7803AD}.Debug|Any CPU.Build.0 = Debug|Any CPU
		{16765055-D935-47D4-9077-F2155E7803AD}.Release|Any CPU.ActiveCfg = Release|Any CPU
		{16765055-D935-47D4-9077-F2155E7803AD}.Release|Any CPU.Build.0 = Release|Any CPU
		{00744B21-AE2E-4D74-B7C2-90F270A73F47}.Debug|Any CPU.ActiveCfg = Debug|Any CPU
		{00744B21-AE2E-4D74-B7C2-90F270A73F47}.Debug|Any CPU.Build.0 = Debug|Any CPU
		{00744B21-AE2E-4D74-B7C2-90F270A73F47}.Release|Any CPU.ActiveCfg = Release|Any CPU
		{00744B21-AE2E-4D74-B7C2-90F270A73F47}.Release|Any CPU.Build.0 = Release|Any CPU
		{C0E0A46D-EE35-4DDF-BEDB-483C8FB6D2CB}.Debug|Any CPU.ActiveCfg = Debug|Any CPU
		{C0E0A46D-EE35-4DDF-BEDB-483C8FB6D2CB}.Debug|Any CPU.Build.0 = Debug|Any CPU
		{C0E0A46D-EE35-4DDF-BEDB-483C8FB6D2CB}.Release|Any CPU.ActiveCfg = Release|Any CPU
		{C0E0A46D-EE35-4DDF-BEDB-483C8FB6D2CB}.Release|Any CPU.Build.0 = Release|Any CPU
		{5175F6A2-4BD2-48F3-84C5-D915B5971F37}.Debug|Any CPU.ActiveCfg = Debug|Any CPU
		{5175F6A2-4BD2-48F3-84C5-D915B5971F37}.Debug|Any CPU.Build.0 = Debug|Any CPU
		{5175F6A2-4BD2-48F3-84C5-D915B5971F37}.Release|Any CPU.ActiveCfg = Release|Any CPU
		{5175F6A2-4BD2-48F3-84C5-D915B5971F37}.Release|Any CPU.Build.0 = Release|Any CPU
	EndGlobalSection
	GlobalSection(NestedProjects) = preSolution
		{D2BC1C84-1BF1-48DC-8787-F699C78243CA} = {600F51F6-13E8-48A4-89C9-73CB24443055}
		{16765055-D935-47D4-9077-F2155E7803AD} = {600F51F6-13E8-48A4-89C9-73CB24443055}
		{00744B21-AE2E-4D74-B7C2-90F270A73F47} = {600F51F6-13E8-48A4-89C9-73CB24443055}
		{C0E0A46D-EE35-4DDF-BEDB-483C8FB6D2CB} = {600F51F6-13E8-48A4-89C9-73CB24443055}
		{600F51F6-13E8-48A4-89C9-73CB24443055} = {55209979-2D34-4C83-97C5-DCA40C2A8EFD}
		{5175F6A2-4BD2-48F3-84C5-D915B5971F37} = {600F51F6-13E8-48A4-89C9-73CB24443055}
	EndGlobalSection
EndGlobal
